
Microsoft Visual Studio Solution File, Format Version 12.00
# Visual Studio Version 16
VisualStudioVersion = 16.0.29609.76
MinimumVisualStudioVersion = 10.0.40219.1
Project("{FAE04EC0-301F-11D3-BF4B-00C04F79EFBC}") = "ProstyFormularz", "ProstyFormularz\ProstyFormularz.csproj", "{6CD5297A-66CB-4D65-B67F-40E322196E2F}"
EndProject
Global
	GlobalSection(SolutionConfigurationPlatforms) = preSolution
		Debug|Any CPU = Debug|Any CPU
		Release|Any CPU = Release|Any CPU
	EndGlobalSection
	GlobalSection(ProjectConfigurationPlatforms) = postSolution
		{6CD5297A-66CB-4D65-B67F-40E322196E2F}.Debug|Any CPU.ActiveCfg = Debug|Any CPU
		{6CD5297A-66CB-4D65-B67F-40E322196E2F}.Debug|Any CPU.Build.0 = Debug|Any CPU
		{6CD5297A-66CB-4D65-B67F-40E322196E2F}.Release|Any CPU.ActiveCfg = Release|Any CPU
		{6CD5297A-66CB-4D65-B67F-40E322196E2F}.Release|Any CPU.Build.0 = Release|Any CPU
	EndGlobalSection
	GlobalSection(SolutionProperties) = preSolution
		HideSolutionNode = FALSE
	EndGlobalSection
	GlobalSection(ExtensibilityGlobals) = postSolution
		SolutionGuid = {64B91A9C-E2B8-4968-82D7-C6657D56F6CD}
	EndGlobalSection
EndGlobal
